
Microsoft Visual Studio Solution File, Format Version 12.00
# Visual Studio Version 17
VisualStudioVersion = 17.5.33627.172
MinimumVisualStudioVersion = 10.0.40219.1
Project("{FAE04EC0-301F-11D3-BF4B-00C04F79EFBC}") = "RentACar.PresentationLayer", "RentACar.PresentationLayer\RentACar.PresentationLayer.csproj", "{F5808A02-B2B4-4FDD-AD6A-5E4FE9C081F1}"
EndProject
Project("{FAE04EC0-301F-11D3-BF4B-00C04F79EFBC}") = "RentACar.EntityLayer", "RentACar.EntityLayer\RentACar.EntityLayer.csproj", "{3E452CD6-B9CF-4E27-994F-7D8056B83494}"
EndProject
Project("{FAE04EC0-301F-11D3-BF4B-00C04F79EFBC}") = "RentACar.BusinessLayer", "RentACar.BusinessLayer\RentACar.BusinessLayer.csproj", "{FD5B88BB-C286-4EFA-99F0-AC68C7987909}"
EndProject
Project("{FAE04EC0-301F-11D3-BF4B-00C04F79EFBC}") = "RentACar.DataAccessLayer", "RentACar.DataAccessLayer\RentACar.DataAccessLayer.csproj", "{5E64A485-571A-4664-91FC-219A50109CEA}"
EndProject
Project("{FAE04EC0-301F-11D3-BF4B-00C04F79EFBC}") = "RentACar.DtoLayer", "RentACar.DtoLayer\RentACar.DtoLayer.csproj", "{9FFD78AA-AA8E-44C8-B8CE-4EEE470C295B}"
EndProject
Global
	GlobalSection(SolutionConfigurationPlatforms) = preSolution
		Debug|Any CPU = Debug|Any CPU
		Release|Any CPU = Release|Any CPU
	EndGlobalSection
	GlobalSection(ProjectConfigurationPlatforms) = postSolution
		{F5808A02-B2B4-4FDD-AD6A-5E4FE9C081F1}.Debug|Any CPU.ActiveCfg = Debug|Any CPU
		{F5808A02-B2B4-4FDD-AD6A-5E4FE9C081F1}.Debug|Any CPU.Build.0 = Debug|Any CPU
		{F5808A02-B2B4-4FDD-AD6A-5E4FE9C081F1}.Release|Any CPU.ActiveCfg = Release|Any CPU
		{F5808A02-B2B4-4FDD-AD6A-5E4FE9C081F1}.Release|Any CPU.Build.0 = Release|Any CPU
		{3E452CD6-B9CF-4E27-994F-7D8056B83494}.Debug|Any CPU.ActiveCfg = Debug|Any CPU
		{3E452CD6-B9CF-4E27-994F-7D8056B83494}.Debug|Any CPU.Build.0 = Debug|Any CPU
		{3E452CD6-B9CF-4E27-994F-7D8056B83494}.Release|Any CPU.ActiveCfg = Release|Any CPU
		{3E452CD6-B9CF-4E27-994F-7D8056B83494}.Release|Any CPU.Build.0 = Release|Any CPU
		{FD5B88BB-C286-4EFA-99F0-AC68C7987909}.Debug|Any CPU.ActiveCfg = Debug|Any CPU
		{FD5B88BB-C286-4EFA-99F0-AC68C7987909}.Debug|Any CPU.Build.0 = Debug|Any CPU
		{FD5B88BB-C286-4EFA-99F0-AC68C7987909}.Release|Any CPU.ActiveCfg = Release|Any CPU
		{FD5B88BB-C286-4EFA-99F0-AC68C7987909}.Release|Any CPU.Build.0 = Release|Any CPU
		{5E64A485-571A-4664-91FC-219A50109CEA}.Debug|Any CPU.ActiveCfg = Debug|Any CPU
		{5E64A485-571A-4664-91FC-219A50109CEA}.Debug|Any CPU.Build.0 = Debug|Any CPU
		{5E64A485-571A-4664-91FC-219A50109CEA}.Release|Any CPU.ActiveCfg = Release|Any CPU
		{5E64A485-571A-4664-91FC-219A50109CEA}.Release|Any CPU.Build.0 = Release|Any CPU
		{9FFD78AA-AA8E-44C8-B8CE-4EEE470C295B}.Debug|Any CPU.ActiveCfg = Debug|Any CPU
		{9FFD78AA-AA8E-44C8-B8CE-4EEE470C295B}.Debug|Any CPU.Build.0 = Debug|Any CPU
		{9FFD78AA-AA8E-44C8-B8CE-4EEE470C295B}.Release|Any CPU.ActiveCfg = Release|Any CPU
		{9FFD78AA-AA8E-44C8-B8CE-4EEE470C295B}.Release|Any CPU.Build.0 = Release|Any CPU
	EndGlobalSection
	GlobalSection(SolutionProperties) = preSolution
		HideSolutionNode = FALSE
	EndGlobalSection
	GlobalSection(ExtensibilityGlobals) = postSolution
		SolutionGuid = {93F688B0-A8FE-47E5-AF62-2CF8DF70884E}
	EndGlobalSection
EndGlobal
